
Microsoft Visual Studio Solution File, Format Version 12.00
# Visual Studio Version 17
VisualStudioVersion = 17.14.36221.1
MinimumVisualStudioVersion = 10.0.40219.1
Project("{2150E333-8FDC-42A3-9474-1A3956D46DE8}") = "01", "01", "{02EA681E-C7D8-13C7-8484-4AC65E1B71E8}"
EndProject
Project("{FAE04EC0-301F-11D3-BF4B-00C04F79EFBC}") = "IsNumberOddOrNot", "IsNumberOddOrNot\IsNumberOddOrNot.csproj", "{19E5F9F7-0359-4FAA-887E-630733271B99}"
EndProject
Project("{2150E333-8FDC-42A3-9474-1A3956D46DE8}") = "02", "02", "{2B39F8DD-0F39-46FA-AA40-EB6D4B75FEBA}"
EndProject
Project("{FAE04EC0-301F-11D3-BF4B-00C04F79EFBC}") = "TheGreatestNumber", "TheGreatestNumber\TheGreatestNumber.csproj", "{8089C896-B4A2-4A97-BD0E-721FBA25EEDA}"
EndProject
Project("{2150E333-8FDC-42A3-9474-1A3956D46DE8}") = "Shared", "Shared", "{869F8BB1-0F1A-4F92-8095-E3AE224708E7}"
EndProject
Project("{FAE04EC0-301F-11D3-BF4B-00C04F79EFBC}") = "Shared", "Shared\Shared.csproj", "{436C7A68-E5F5-4795-B29A-33E0B6A6F3AC}"
EndProject
Project("{2150E333-8FDC-42A3-9474-1A3956D46DE8}") = "03", "03", "{5E5CE129-937A-49D3-A107-1716CAE0236D}"
EndProject
Project("{FAE04EC0-301F-11D3-BF4B-00C04F79EFBC}") = "SortNumbers", "SortNumbers\SortNumbers.csproj", "{172AEC73-9E94-4934-A49B-863176099A43}"
EndProject
Project("{2150E333-8FDC-42A3-9474-1A3956D46DE8}") = "04", "04", "{B6E8C45A-B351-4BB2-AACD-B2FF7170BA63}"
EndProject
Project("{FAE04EC0-301F-11D3-BF4B-00C04F79EFBC}") = "IsMultipleOfAnother", "IsMultipleOfAnother\IsMultipleOfAnother.csproj", "{868D6AF4-E363-4943-8ADC-214EB87B3A66}"
EndProject
Project("{2150E333-8FDC-42A3-9474-1A3956D46DE8}") = "05", "05", "{267A09B4-F793-43C9-A81B-6815B785F411}"
EndProject
Project("{FAE04EC0-301F-11D3-BF4B-00C04F79EFBC}") = "IsLeapYear", "IsLeapYear\IsLeapYear.csproj", "{1A750DA2-6E18-4796-AA61-077B4FA95E5E}"
EndProject
Project("{2150E333-8FDC-42A3-9474-1A3956D46DE8}") = "06", "06", "{E7996CB5-87E8-4A4B-BEBA-505C5C162B76}"
EndProject
Project("{FAE04EC0-301F-11D3-BF4B-00C04F79EFBC}") = "SimplePayroll", "SimplePayroll\SimplePayroll.csproj", "{FA41506B-3CBB-4332-A484-44360C3BFAC4}"
EndProject
Global
	GlobalSection(SolutionConfigurationPlatforms) = preSolution
		Debug|Any CPU = Debug|Any CPU
		Release|Any CPU = Release|Any CPU
	EndGlobalSection
	GlobalSection(ProjectConfigurationPlatforms) = postSolution
		{19E5F9F7-0359-4FAA-887E-630733271B99}.Debug|Any CPU.ActiveCfg = Debug|Any CPU
		{19E5F9F7-0359-4FAA-887E-630733271B99}.Debug|Any CPU.Build.0 = Debug|Any CPU
		{19E5F9F7-0359-4FAA-887E-630733271B99}.Release|Any CPU.ActiveCfg = Release|Any CPU
		{19E5F9F7-0359-4FAA-887E-630733271B99}.Release|Any CPU.Build.0 = Release|Any CPU
		{8089C896-B4A2-4A97-BD0E-721FBA25EEDA}.Debug|Any CPU.ActiveCfg = Debug|Any CPU
		{8089C896-B4A2-4A97-BD0E-721FBA25EEDA}.Debug|Any CPU.Build.0 = Debug|Any CPU
		{8089C896-B4A2-4A97-BD0E-721FBA25EEDA}.Release|Any CPU.ActiveCfg = Release|Any CPU
		{8089C896-B4A2-4A97-BD0E-721FBA25EEDA}.Release|Any CPU.Build.0 = Release|Any CPU
		{436C7A68-E5F5-4795-B29A-33E0B6A6F3AC}.Debug|Any CPU.ActiveCfg = Debug|Any CPU
		{436C7A68-E5F5-4795-B29A-33E0B6A6F3AC}.Debug|Any CPU.Build.0 = Debug|Any CPU
		{436C7A68-E5F5-4795-B29A-33E0B6A6F3AC}.Release|Any CPU.ActiveCfg = Release|Any CPU
		{436C7A68-E5F5-4795-B29A-33E0B6A6F3AC}.Release|Any CPU.Build.0 = Release|Any CPU
		{172AEC73-9E94-4934-A49B-863176099A43}.Debug|Any CPU.ActiveCfg = Debug|Any CPU
		{172AEC73-9E94-4934-A49B-863176099A43}.Debug|Any CPU.Build.0 = Debug|Any CPU
		{172AEC73-9E94-4934-A49B-863176099A43}.Release|Any CPU.ActiveCfg = Release|Any CPU
		{172AEC73-9E94-4934-A49B-863176099A43}.Release|Any CPU.Build.0 = Release|Any CPU
		{868D6AF4-E363-4943-8ADC-214EB87B3A66}.Debug|Any CPU.ActiveCfg = Debug|Any CPU
		{868D6AF4-E363-4943-8ADC-214EB87B3A66}.Debug|Any CPU.Build.0 = Debug|Any CPU
		{868D6AF4-E363-4943-8ADC-214EB87B3A66}.Release|Any CPU.ActiveCfg = Release|Any CPU
		{868D6AF4-E363-4943-8ADC-214EB87B3A66}.Release|Any CPU.Build.0 = Release|Any CPU
		{1A750DA2-6E18-4796-AA61-077B4FA95E5E}.Debug|Any CPU.ActiveCfg = Debug|Any CPU
		{1A750DA2-6E18-4796-AA61-077B4FA95E5E}.Debug|Any CPU.Build.0 = Debug|Any CPU
		{1A750DA2-6E18-4796-AA61-077B4FA95E5E}.Release|Any CPU.ActiveCfg = Release|Any CPU
		{1A750DA2-6E18-4796-AA61-077B4FA95E5E}.Release|Any CPU.Build.0 = Release|Any CPU
		{FA41506B-3CBB-4332-A484-44360C3BFAC4}.Debug|Any CPU.ActiveCfg = Debug|Any CPU
		{FA41506B-3CBB-4332-A484-44360C3BFAC4}.Debug|Any CPU.Build.0 = Debug|Any CPU
		{FA41506B-3CBB-4332-A484-44360C3BFAC4}.Release|Any CPU.ActiveCfg = Release|Any CPU
		{FA41506B-3CBB-4332-A484-44360C3BFAC4}.Release|Any CPU.Build.0 = Release|Any CPU
	EndGlobalSection
	GlobalSection(SolutionProperties) = preSolution
		HideSolutionNode = FALSE
	EndGlobalSection
	GlobalSection(NestedProjects) = preSolution
		{19E5F9F7-0359-4FAA-887E-630733271B99} = {02EA681E-C7D8-13C7-8484-4AC65E1B71E8}
		{8089C896-B4A2-4A97-BD0E-721FBA25EEDA} = {2B39F8DD-0F39-46FA-AA40-EB6D4B75FEBA}
		{436C7A68-E5F5-4795-B29A-33E0B6A6F3AC} = {869F8BB1-0F1A-4F92-8095-E3AE224708E7}
		{172AEC73-9E94-4934-A49B-863176099A43} = {5E5CE129-937A-49D3-A107-1716CAE0236D}
		{868D6AF4-E363-4943-8ADC-214EB87B3A66} = {B6E8C45A-B351-4BB2-AACD-B2FF7170BA63}
		{1A750DA2-6E18-4796-AA61-077B4FA95E5E} = {267A09B4-F793-43C9-A81B-6815B785F411}
		{FA41506B-3CBB-4332-A484-44360C3BFAC4} = {E7996CB5-87E8-4A4B-BEBA-505C5C162B76}
	EndGlobalSection
	GlobalSection(ExtensibilityGlobals) = postSolution
		SolutionGuid = {62FEFD81-0EC6-471A-A71B-9A3750A61E9F}
	EndGlobalSection
EndGlobal
